// !$*UTF8*$!
{
	archiveVersion = 1;
	classes = {
	};
	objectVersion = 46;
	objects = {

/* Begin PBXBuildFile section */
		AA226BC71CB56B6E0011AA65 /* AppDelegate.swift in Sources */ = {isa = PBXBuildFile; fileRef = AA226BC61CB56B6E0011AA65 /* AppDelegate.swift */; };
		AA226BC91CB56B6E0011AA65 /* ViewController.swift in Sources */ = {isa = PBXBuildFile; fileRef = AA226BC81CB56B6E0011AA65 /* ViewController.swift */; };
		AA226BCC1CB56B6E0011AA65 /* Main.storyboard in Resources */ = {isa = PBXBuildFile; fileRef = AA226BCA1CB56B6E0011AA65 /* Main.storyboard */; };
		AA226BCE1CB56B6E0011AA65 /* Assets.xcassets in Resources */ = {isa = PBXBuildFile; fileRef = AA226BCD1CB56B6E0011AA65 /* Assets.xcassets */; };
		AA226BD11CB56B6E0011AA65 /* LaunchScreen.storyboard in Resources */ = {isa = PBXBuildFile; fileRef = AA226BCF1CB56B6E0011AA65 /* LaunchScreen.storyboard */; };
		EAF8B0FE1CC6D8970055C0FB /* OpenGLES.framework in Frameworks */ = {isa = PBXBuildFile; fileRef = EAF8B0FD1CC6D8970055C0FB /* OpenGLES.framework */; };
		EAF8B1001CC6D8C30055C0FB /* MessageUI.framework in Frameworks */ = {isa = PBXBuildFile; fileRef = EAF8B0FF1CC6D8C30055C0FB /* MessageUI.framework */; };
		EAF8B1021CC6D8CE0055C0FB /* CoreVideo.framework in Frameworks */ = {isa = PBXBuildFile; fileRef = EAF8B1011CC6D8CE0055C0FB /* CoreVideo.framework */; };
		EAF8B1041CC6D8E60055C0FB /* UIKit.framework in Frameworks */ = {isa = PBXBuildFile; fileRef = EAF8B1031CC6D8E60055C0FB /* UIKit.framework */; };
		EAF8B1061CC6D8F20055C0FB /* Foundation.framework in Frameworks */ = {isa = PBXBuildFile; fileRef = EAF8B1051CC6D8F20055C0FB /* Foundation.framework */; };
		EAF8B1081CC6D8FD0055C0FB /* CoreGraphics.framework in Frameworks */ = {isa = PBXBuildFile; fileRef = EAF8B1071CC6D8FD0055C0FB /* CoreGraphics.framework */; };
		EAF8B10A1CC6D9080055C0FB /* AudioToolbox.framework in Frameworks */ = {isa = PBXBuildFile; fileRef = EAF8B1091CC6D9080055C0FB /* AudioToolbox.framework */; };
		EAF8B10C1CC6D9170055C0FB /* AVFoundation.framework in Frameworks */ = {isa = PBXBuildFile; fileRef = EAF8B10B1CC6D9170055C0FB /* AVFoundation.framework */; };
		EAF8B10E1CC6D9240055C0FB /* CoreMedia.framework in Frameworks */ = {isa = PBXBuildFile; fileRef = EAF8B10D1CC6D9240055C0FB /* CoreMedia.framework */; };
		EAF8B1101CC6D9300055C0FB /* QuartzCore.framework in Frameworks */ = {isa = PBXBuildFile; fileRef = EAF8B10F1CC6D9300055C0FB /* QuartzCore.framework */; };
		EAF8B1121CC6D93A0055C0FB /* CoreLocation.framework in Frameworks */ = {isa = PBXBuildFile; fileRef = EAF8B1111CC6D93A0055C0FB /* CoreLocation.framework */; };
		EAF8B1141CC6D9520055C0FB /* SystemConfiguration.framework in Frameworks */ = {isa = PBXBuildFile; fileRef = EAF8B1131CC6D9520055C0FB /* SystemConfiguration.framework */; };
		EAF8B1171CC6DC8A0055C0FB /* libc++.1.dylib in Frameworks */ = {isa = PBXBuildFile; fileRef = EAF8B1151CC6DC2C0055C0FB /* libc++.1.dylib */; };
		EAF8B1191CC6DCC10055C0FB /* libiconv.2.dylib in Frameworks */ = {isa = PBXBuildFile; fileRef = EAF8B1181CC6DCC10055C0FB /* libiconv.2.dylib */; };
		EAF8B11B1CC6DCDA0055C0FB /* libz.1.dylib in Frameworks */ = {isa = PBXBuildFile; fileRef = EAF8B11A1CC6DCDA0055C0FB /* libz.1.dylib */; };
		EAF8B11D1CC6DD6F0055C0FB /* ScanditBarcodeScanner.framework in Frameworks */ = {isa = PBXBuildFile; fileRef = EAF8B11C1CC6DD6F0055C0FB /* ScanditBarcodeScanner.framework */; };
/* End PBXBuildFile section */

/* Begin PBXFileReference section */
		AA226BC31CB56B6E0011AA65 /* productpal.app */ = {isa = PBXFileReference; explicitFileType = wrapper.application; includeInIndex = 0; path = productpal.app; sourceTree = BUILT_PRODUCTS_DIR; };
		AA226BC61CB56B6E0011AA65 /* AppDelegate.swift */ = {isa = PBXFileReference; lastKnownFileType = sourcecode.swift; path = AppDelegate.swift; sourceTree = "<group>"; };
		AA226BC81CB56B6E0011AA65 /* ViewController.swift */ = {isa = PBXFileReference; lastKnownFileType = sourcecode.swift; path = ViewController.swift; sourceTree = "<group>"; };
		AA226BCB1CB56B6E0011AA65 /* Base */ = {isa = PBXFileReference; lastKnownFileType = file.storyboard; name = Base; path = Base.lproj/Main.storyboard; sourceTree = "<group>"; };
		AA226BCD1CB56B6E0011AA65 /* Assets.xcassets */ = {isa = PBXFileReference; lastKnownFileType = folder.assetcatalog; path = Assets.xcassets; sourceTree = "<group>"; };
		AA226BD01CB56B6E0011AA65 /* Base */ = {isa = PBXFileReference; lastKnownFileType = file.storyboard; name = Base; path = Base.lproj/LaunchScreen.storyboard; sourceTree = "<group>"; };
		AA226BD21CB56B6E0011AA65 /* Info.plist */ = {isa = PBXFileReference; lastKnownFileType = text.plist.xml; path = Info.plist; sourceTree = "<group>"; };
		EAF8B0FD1CC6D8970055C0FB /* OpenGLES.framework */ = {isa = PBXFileReference; lastKnownFileType = wrapper.framework; name = OpenGLES.framework; path = System/Library/Frameworks/OpenGLES.framework; sourceTree = SDKROOT; };
		EAF8B0FF1CC6D8C30055C0FB /* MessageUI.framework */ = {isa = PBXFileReference; lastKnownFileType = wrapper.framework; name = MessageUI.framework; path = System/Library/Frameworks/MessageUI.framework; sourceTree = SDKROOT; };
		EAF8B1011CC6D8CE0055C0FB /* CoreVideo.framework */ = {isa = PBXFileReference; lastKnownFileType = wrapper.framework; name = CoreVideo.framework; path = System/Library/Frameworks/CoreVideo.framework; sourceTree = SDKROOT; };
		EAF8B1031CC6D8E60055C0FB /* UIKit.framework */ = {isa = PBXFileReference; lastKnownFileType = wrapper.framework; name = UIKit.framework; path = System/Library/Frameworks/UIKit.framework; sourceTree = SDKROOT; };
		EAF8B1051CC6D8F20055C0FB /* Foundation.framework */ = {isa = PBXFileReference; lastKnownFileType = wrapper.framework; name = Foundation.framework; path = System/Library/Frameworks/Foundation.framework; sourceTree = SDKROOT; };
		EAF8B1071CC6D8FD0055C0FB /* CoreGraphics.framework */ = {isa = PBXFileReference; lastKnownFileType = wrapper.framework; name = CoreGraphics.framework; path = System/Library/Frameworks/CoreGraphics.framework; sourceTree = SDKROOT; };
		EAF8B1091CC6D9080055C0FB /* AudioToolbox.framework */ = {isa = PBXFileReference; lastKnownFileType = wrapper.framework; name = AudioToolbox.framework; path = System/Library/Frameworks/AudioToolbox.framework; sourceTree = SDKROOT; };
		EAF8B10B1CC6D9170055C0FB /* AVFoundation.framework */ = {isa = PBXFileReference; lastKnownFileType = wrapper.framework; name = AVFoundation.framework; path = System/Library/Frameworks/AVFoundation.framework; sourceTree = SDKROOT; };
		EAF8B10D1CC6D9240055C0FB /* CoreMedia.framework */ = {isa = PBXFileReference; lastKnownFileType = wrapper.framework; name = CoreMedia.framework; path = System/Library/Frameworks/CoreMedia.framework; sourceTree = SDKROOT; };
		EAF8B10F1CC6D9300055C0FB /* QuartzCore.framework */ = {isa = PBXFileReference; lastKnownFileType = wrapper.framework; name = QuartzCore.framework; path = System/Library/Frameworks/QuartzCore.framework; sourceTree = SDKROOT; };
		EAF8B1111CC6D93A0055C0FB /* CoreLocation.framework */ = {isa = PBXFileReference; lastKnownFileType = wrapper.framework; name = CoreLocation.framework; path = System/Library/Frameworks/CoreLocation.framework; sourceTree = SDKROOT; };
		EAF8B1131CC6D9520055C0FB /* SystemConfiguration.framework */ = {isa = PBXFileReference; lastKnownFileType = wrapper.framework; name = SystemConfiguration.framework; path = System/Library/Frameworks/SystemConfiguration.framework; sourceTree = SDKROOT; };
		EAF8B1151CC6DC2C0055C0FB /* libc++.1.dylib */ = {isa = PBXFileReference; lastKnownFileType = "compiled.mach-o.dylib"; name = "libc++.1.dylib"; path = "../../../../usr/lib/libc++.1.dylib"; sourceTree = "<group>"; };
		EAF8B1181CC6DCC10055C0FB /* libiconv.2.dylib */ = {isa = PBXFileReference; lastKnownFileType = "compiled.mach-o.dylib"; name = libiconv.2.dylib; path = ../../../../usr/lib/libiconv.2.dylib; sourceTree = "<group>"; };
		EAF8B11A1CC6DCDA0055C0FB /* libz.1.dylib */ = {isa = PBXFileReference; lastKnownFileType = "compiled.mach-o.dylib"; name = libz.1.dylib; path = ../../../../usr/lib/libz.1.dylib; sourceTree = "<group>"; };
		EAF8B11C1CC6DD6F0055C0FB /* ScanditBarcodeScanner.framework */ = {isa = PBXFileReference; lastKnownFileType = wrapper.framework; name = ScanditBarcodeScanner.framework; path = "../../Desktop/scandit-barcodescanner-community-ios_4.13.1/ScanditSDK/ScanditBarcodeScanner.framework"; sourceTree = "<group>"; };
/* End PBXFileReference section */

/* Begin PBXFrameworksBuildPhase section */
		AA226BC01CB56B6E0011AA65 /* Frameworks */ = {
			isa = PBXFrameworksBuildPhase;
			buildActionMask = 2147483647;
			files = (
				EAF8B11B1CC6DCDA0055C0FB /* libz.1.dylib in Frameworks */,
				EAF8B11D1CC6DD6F0055C0FB /* ScanditBarcodeScanner.framework in Frameworks */,
				EAF8B1191CC6DCC10055C0FB /* libiconv.2.dylib in Frameworks */,
				EAF8B1171CC6DC8A0055C0FB /* libc++.1.dylib in Frameworks */,
				EAF8B1141CC6D9520055C0FB /* SystemConfiguration.framework in Frameworks */,
				EAF8B1121CC6D93A0055C0FB /* CoreLocation.framework in Frameworks */,
				EAF8B1101CC6D9300055C0FB /* QuartzCore.framework in Frameworks */,
				EAF8B10E1CC6D9240055C0FB /* CoreMedia.framework in Frameworks */,
				EAF8B10C1CC6D9170055C0FB /* AVFoundation.framework in Frameworks */,
				EAF8B10A1CC6D9080055C0FB /* AudioToolbox.framework in Frameworks */,
				EAF8B1081CC6D8FD0055C0FB /* CoreGraphics.framework in Frameworks */,
				EAF8B1061CC6D8F20055C0FB /* Foundation.framework in Frameworks */,
				EAF8B1041CC6D8E60055C0FB /* UIKit.framework in Frameworks */,
				EAF8B1021CC6D8CE0055C0FB /* CoreVideo.framework in Frameworks */,
				EAF8B1001CC6D8C30055C0FB /* MessageUI.framework in Frameworks */,
				EAF8B0FE1CC6D8970055C0FB /* OpenGLES.framework in Frameworks */,
			);
			runOnlyForDeploymentPostprocessing = 0;
		};
/* End PBXFrameworksBuildPhase section */

/* Begin PBXGroup section */
		AA226BBA1CB56B6E0011AA65 = {
			isa = PBXGroup;
			children = (
				EAF8B11C1CC6DD6F0055C0FB /* ScanditBarcodeScanner.framework */,
				EAF8B11A1CC6DCDA0055C0FB /* libz.1.dylib */,
				EAF8B1181CC6DCC10055C0FB /* libiconv.2.dylib */,
				EAF8B1151CC6DC2C0055C0FB /* libc++.1.dylib */,
				EAF8B1131CC6D9520055C0FB /* SystemConfiguration.framework */,
				EAF8B1111CC6D93A0055C0FB /* CoreLocation.framework */,
				EAF8B10F1CC6D9300055C0FB /* QuartzCore.framework */,
				EAF8B10D1CC6D9240055C0FB /* CoreMedia.framework */,
				EAF8B10B1CC6D9170055C0FB /* AVFoundation.framework */,
				EAF8B1091CC6D9080055C0FB /* AudioToolbox.framework */,
				EAF8B1071CC6D8FD0055C0FB /* CoreGraphics.framework */,
				EAF8B1051CC6D8F20055C0FB /* Foundation.framework */,
				EAF8B1031CC6D8E60055C0FB /* UIKit.framework */,
				EAF8B1011CC6D8CE0055C0FB /* CoreVideo.framework */,
				EAF8B0FF1CC6D8C30055C0FB /* MessageUI.framework */,
				EAF8B0FD1CC6D8970055C0FB /* OpenGLES.framework */,
				AA226BC51CB56B6E0011AA65 /* productpal */,
				AA226BC41CB56B6E0011AA65 /* Products */,
			);
			sourceTree = "<group>";
		};
		AA226BC41CB56B6E0011AA65 /* Products */ = {
			isa = PBXGroup;
			children = (
				AA226BC31CB56B6E0011AA65 /* productpal.app */,
			);
			name = Products;
			sourceTree = "<group>";
		};
		AA226BC51CB56B6E0011AA65 /* productpal */ = {
			isa = PBXGroup;
			children = (
				AA226BC61CB56B6E0011AA65 /* AppDelegate.swift */,
				AA226BC81CB56B6E0011AA65 /* ViewController.swift */,
				AA226BCA1CB56B6E0011AA65 /* Main.storyboard */,
				AA226BCD1CB56B6E0011AA65 /* Assets.xcassets */,
				AA226BCF1CB56B6E0011AA65 /* LaunchScreen.storyboard */,
				AA226BD21CB56B6E0011AA65 /* Info.plist */,
			);
			path = productpal;
			sourceTree = "<group>";
		};
/* End PBXGroup section */

/* Begin PBXNativeTarget section */
		AA226BC21CB56B6E0011AA65 /* productpal */ = {
			isa = PBXNativeTarget;
			buildConfigurationList = AA226BD51CB56B6E0011AA65 /* Build configuration list for PBXNativeTarget "productpal" */;
			buildPhases = (
				AA226BBF1CB56B6E0011AA65 /* Sources */,
				AA226BC01CB56B6E0011AA65 /* Frameworks */,
				AA226BC11CB56B6E0011AA65 /* Resources */,
			);
			buildRules = (
			);
			dependencies = (
			);
			name = productpal;
			productName = productpal;
			productReference = AA226BC31CB56B6E0011AA65 /* productpal.app */;
			productType = "com.apple.product-type.application";
		};
/* End PBXNativeTarget section */

/* Begin PBXProject section */
		AA226BBB1CB56B6E0011AA65 /* Project object */ = {
			isa = PBXProject;
			attributes = {
				LastSwiftUpdateCheck = 0730;
				LastUpgradeCheck = 0730;
				ORGANIZATIONNAME = "University of Wisconsin Parkisde";
				TargetAttributes = {
					AA226BC21CB56B6E0011AA65 = {
						CreatedOnToolsVersion = 7.3;
						DevelopmentTeam = 6CDTYH3K45;
					};
				};
			};
			buildConfigurationList = AA226BBE1CB56B6E0011AA65 /* Build configuration list for PBXProject "productpal" */;
			compatibilityVersion = "Xcode 3.2";
			developmentRegion = English;
			hasScannedForEncodings = 0;
			knownRegions = (
				en,
				Base,
			);
			mainGroup = AA226BBA1CB56B6E0011AA65;
			productRefGroup = AA226BC41CB56B6E0011AA65 /* Products */;
			projectDirPath = "";
			projectRoot = "";
			targets = (
				AA226BC21CB56B6E0011AA65 /* productpal */,
			);
		};
/* End PBXProject section */

/* Begin PBXResourcesBuildPhase section */
		AA226BC11CB56B6E0011AA65 /* Resources */ = {
			isa = PBXResourcesBuildPhase;
			buildActionMask = 2147483647;
			files = (
				AA226BD11CB56B6E0011AA65 /* LaunchScreen.storyboard in Resources */,
				AA226BCE1CB56B6E0011AA65 /* Assets.xcassets in Resources */,
				AA226BCC1CB56B6E0011AA65 /* Main.storyboard in Resources */,
			);
			runOnlyForDeploymentPostprocessing = 0;
		};
/* End PBXResourcesBuildPhase section */

/* Begin PBXSourcesBuildPhase section */
		AA226BBF1CB56B6E0011AA65 /* Sources */ = {
			isa = PBXSourcesBuildPhase;
			buildActionMask = 2147483647;
			files = (
				AA226BC91CB56B6E0011AA65 /* ViewController.swift in Sources */,
				AA226BC71CB56B6E0011AA65 /* AppDelegate.swift in Sources */,
			);
			runOnlyForDeploymentPostprocessing = 0;
		};
/* End PBXSourcesBuildPhase section */

/* Begin PBXVariantGroup section */
		AA226BCA1CB56B6E0011AA65 /* Main.storyboard */ = {
			isa = PBXVariantGroup;
			children = (
				AA226BCB1CB56B6E0011AA65 /* Base */,
			);
			name = Main.storyboard;
			sourceTree = "<group>";
		};
		AA226BCF1CB56B6E0011AA65 /* LaunchScreen.storyboard */ = {
			isa = PBXVariantGroup;
			children = (
				AA226BD01CB56B6E0011AA65 /* Base */,
			);
			name = LaunchScreen.storyboard;
			sourceTree = "<group>";
		};
/* End PBXVariantGroup section */

/* Begin XCBuildConfiguration section */
		AA226BD31CB56B6E0011AA65 /* Debug */ = {
			isa = XCBuildConfiguration;
			buildSettings = {
				ALWAYS_SEARCH_USER_PATHS = NO;
				CLANG_ANALYZER_NONNULL = YES;
				CLANG_CXX_LANGUAGE_STANDARD = "gnu++0x";
				CLANG_CXX_LIBRARY = "libc++";
				CLANG_ENABLE_MODULES = YES;
				CLANG_ENABLE_OBJC_ARC = YES;
				CLANG_WARN_BOOL_CONVERSION = YES;
				CLANG_WARN_CONSTANT_CONVERSION = YES;
				CLANG_WARN_DIRECT_OBJC_ISA_USAGE = YES_ERROR;
				CLANG_WARN_EMPTY_BODY = YES;
				CLANG_WARN_ENUM_CONVERSION = YES;
				CLANG_WARN_INT_CONVERSION = YES;
				CLANG_WARN_OBJC_ROOT_CLASS = YES_ERROR;
				CLANG_WARN_UNREACHABLE_CODE = YES;
				CLANG_WARN__DUPLICATE_METHOD_MATCH = YES;
				"CODE_SIGN_IDENTITY[sdk=iphoneos*]" = "iPhone Developer";
				COPY_PHASE_STRIP = NO;
				DEBUG_INFORMATION_FORMAT = dwarf;
				ENABLE_STRICT_OBJC_MSGSEND = YES;
				ENABLE_TESTABILITY = YES;
				GCC_C_LANGUAGE_STANDARD = gnu99;
				GCC_DYNAMIC_NO_PIC = NO;
				GCC_NO_COMMON_BLOCKS = YES;
				GCC_OPTIMIZATION_LEVEL = 0;
				GCC_PREPROCESSOR_DEFINITIONS = (
					"DEBUG=1",
					"$(inherited)",
				);
				GCC_WARN_64_TO_32_BIT_CONVERSION = YES;
				GCC_WARN_ABOUT_RETURN_TYPE = YES_ERROR;
				GCC_WARN_UNDECLARED_SELECTOR = YES;
				GCC_WARN_UNINITIALIZED_AUTOS = YES_AGGRESSIVE;
				GCC_WARN_UNUSED_FUNCTION = YES;
				GCC_WARN_UNUSED_VARIABLE = YES;
				IPHONEOS_DEPLOYMENT_TARGET = 9.3;
				MTL_ENABLE_DEBUG_INFO = YES;
				ONLY_ACTIVE_ARCH = YES;
				SDKROOT = iphoneos;
				SWIFT_OPTIMIZATION_LEVEL = "-Onone";
				TARGETED_DEVICE_FAMILY = "1,2";
			};
			name = Debug;
		};
		AA226BD41CB56B6E0011AA65 /* Release */ = {
			isa = XCBuildConfiguration;
			buildSettings = {
				ALWAYS_SEARCH_USER_PATHS = NO;
				CLANG_ANALYZER_NONNULL = YES;
				CLANG_CXX_LANGUAGE_STANDARD = "gnu++0x";
				CLANG_CXX_LIBRARY = "libc++";
				CLANG_ENABLE_MODULES = YES;
				CLANG_ENABLE_OBJC_ARC = YES;
				CLANG_WARN_BOOL_CONVERSION = YES;
				CLANG_WARN_CONSTANT_CONVERSION = YES;
				CLANG_WARN_DIRECT_OBJC_ISA_USAGE = YES_ERROR;
				CLANG_WARN_EMPTY_BODY = YES;
				CLANG_WARN_ENUM_CONVERSION = YES;
				CLANG_WARN_INT_CONVERSION = YES;
				CLANG_WARN_OBJC_ROOT_CLASS = YES_ERROR;
				CLANG_WARN_UNREACHABLE_CODE = YES;
				CLANG_WARN__DUPLICATE_METHOD_MATCH = YES;
				"CODE_SIGN_IDENTITY[sdk=iphoneos*]" = "iPhone Developer";
				COPY_PHASE_STRIP = NO;
				DEBUG_INFORMATION_FORMAT = "dwarf-with-dsym";
				ENABLE_NS_ASSERTIONS = NO;
				ENABLE_STRICT_OBJC_MSGSEND = YES;
				GCC_C_LANGUAGE_STANDARD = gnu99;
				GCC_NO_COMMON_BLOCKS = YES;
				GCC_WARN_64_TO_32_BIT_CONVERSION = YES;
				GCC_WARN_ABOUT_RETURN_TYPE = YES_ERROR;
				GCC_WARN_UNDECLARED_SELECTOR = YES;
				GCC_WARN_UNINITIALIZED_AUTOS = YES_AGGRESSIVE;
				GCC_WARN_UNUSED_FUNCTION = YES;
				GCC_WARN_UNUSED_VARIABLE = YES;
				IPHONEOS_DEPLOYMENT_TARGET = 9.3;
				MTL_ENABLE_DEBUG_INFO = NO;
				SDKROOT = iphoneos;
				TARGETED_DEVICE_FAMILY = "1,2";
				VALIDATE_PRODUCT = YES;
			};
			name = Release;
		};
		AA226BD61CB56B6E0011AA65 /* Debug */ = {
			isa = XCBuildConfiguration;
			buildSettings = {
				ASSETCATALOG_COMPILER_APPICON_NAME = AppIcon;
				CODE_SIGN_IDENTITY = "iPhone Developer";
				"CODE_SIGN_IDENTITY[sdk=iphoneos*]" = "iPhone Developer";
				INFOPLIST_FILE = productpal/Info.plist;
				IPHONEOS_DEPLOYMENT_TARGET = 9.2;
				LD_RUNPATH_SEARCH_PATHS = "$(inherited) @executable_path/Frameworks";
				PRODUCT_BUNDLE_IDENTIFIER = edu.uwp.productpal;
				PRODUCT_NAME = "$(TARGET_NAME)";
				PROVISIONING_PROFILE = "";
			};
			name = Debug;
		};
		AA226BD71CB56B6E0011AA65 /* Release */ = {
			isa = XCBuildConfiguration;
			buildSettings = {
				ASSETCATALOG_COMPILER_APPICON_NAME = AppIcon;
				CODE_SIGN_IDENTITY = "iPhone Developer";
				"CODE_SIGN_IDENTITY[sdk=iphoneos*]" = "iPhone Developer";
				INFOPLIST_FILE = productpal/Info.plist;
				IPHONEOS_DEPLOYMENT_TARGET = 9.2;
				LD_RUNPATH_SEARCH_PATHS = "$(inherited) @executable_path/Frameworks";
				PRODUCT_BUNDLE_IDENTIFIER = edu.uwp.productpal;
				PRODUCT_NAME = "$(TARGET_NAME)";
				PROVISIONING_PROFILE = "";
			};
			name = Release;
		};
/* End XCBuildConfiguration section */

/* Begin XCConfigurationList section */
		AA226BBE1CB56B6E0011AA65 /* Build configuration list for PBXProject "productpal" */ = {
			isa = XCConfigurationList;
			buildConfigurations = (
				AA226BD31CB56B6E0011AA65 /* Debug */,
				AA226BD41CB56B6E0011AA65 /* Release */,
			);
			defaultConfigurationIsVisible = 0;
			defaultConfigurationName = Release;
		};
		AA226BD51CB56B6E0011AA65 /* Build configuration list for PBXNativeTarget "productpal" */ = {
			isa = XCConfigurationList;
			buildConfigurations = (
				AA226BD61CB56B6E0011AA65 /* Debug */,
				AA226BD71CB56B6E0011AA65 /* Release */,
			);
			defaultConfigurationIsVisible = 0;
			defaultConfigurationName = Release;
		};
/* End XCConfigurationList section */
	};
	rootObject = AA226BBB1CB56B6E0011AA65 /* Project object */;
}
